
Microsoft Visual Studio Solution File, Format Version 12.00
# Visual Studio 15
VisualStudioVersion = 15.0.28010.2050
MinimumVisualStudioVersion = 10.0.40219.1
Project("{FAE04EC0-301F-11D3-BF4B-00C04F79EFBC}") = "FileSystem", "FileSystem\FileSystem.csproj", "{7E979BFD-ED4A-4E48-87E5-AACC52310805}"
EndProject
Global
	GlobalSection(SolutionConfigurationPlatforms) = preSolution
		Debug|Any CPU = Debug|Any CPU
		Release|Any CPU = Release|Any CPU
	EndGlobalSection
	GlobalSection(ProjectConfigurationPlatforms) = postSolution
		{7E979BFD-ED4A-4E48-87E5-AACC52310805}.Debug|Any CPU.ActiveCfg = Debug|Any CPU
		{7E979BFD-ED4A-4E48-87E5-AACC52310805}.Debug|Any CPU.Build.0 = Debug|Any CPU
		{7E979BFD-ED4A-4E48-87E5-AACC52310805}.Release|Any CPU.ActiveCfg = Release|Any CPU
		{7E979BFD-ED4A-4E48-87E5-AACC52310805}.Release|Any CPU.Build.0 = Release|Any CPU
	EndGlobalSection
	GlobalSection(SolutionProperties) = preSolution
		HideSolutionNode = FALSE
	EndGlobalSection
	GlobalSection(ExtensibilityGlobals) = postSolution
		SolutionGuid = {E654EADE-5D4A-43A6-99B5-F4AE8BC71F30}
	EndGlobalSection
EndGlobal
