
Microsoft Visual Studio Solution File, Format Version 12.00
# Visual Studio 15
VisualStudioVersion = 15.0.28010.2050
MinimumVisualStudioVersion = 10.0.40219.1
Project("{FAE04EC0-301F-11D3-BF4B-00C04F79EFBC}") = "PasswordGenerator", "PasswordGenerator\PasswordGenerator.csproj", "{4B5EC195-DD93-4149-A3A2-096729CE1D7D}"
EndProject
Global
	GlobalSection(SolutionConfigurationPlatforms) = preSolution
		Debug|Any CPU = Debug|Any CPU
		Release|Any CPU = Release|Any CPU
	EndGlobalSection
	GlobalSection(ProjectConfigurationPlatforms) = postSolution
		{4B5EC195-DD93-4149-A3A2-096729CE1D7D}.Debug|Any CPU.ActiveCfg = Debug|Any CPU
		{4B5EC195-DD93-4149-A3A2-096729CE1D7D}.Debug|Any CPU.Build.0 = Debug|Any CPU
		{4B5EC195-DD93-4149-A3A2-096729CE1D7D}.Release|Any CPU.ActiveCfg = Release|Any CPU
		{4B5EC195-DD93-4149-A3A2-096729CE1D7D}.Release|Any CPU.Build.0 = Release|Any CPU
	EndGlobalSection
	GlobalSection(SolutionProperties) = preSolution
		HideSolutionNode = FALSE
	EndGlobalSection
	GlobalSection(ExtensibilityGlobals) = postSolution
		SolutionGuid = {AC5497D0-06B6-4515-9DFC-E5B1E29ADB1D}
	EndGlobalSection
EndGlobal
